{
  "requires": true,
  "lockfileVersion": 1,
  "dependencies": {
    "validatorjs": {
      "version": "3.15.1",
      "resolved": "https://registry.npmjs.org/validatorjs/-/validatorjs-3.15.1.tgz",
      "integrity": "sha512-9hJWC4sYaEjf3a6MPKrERzRU69btS/pDy+t5IX8pRFqkI8UI2qj8nR3n2XlVzxRZMQGrf6HrtfDkoRcJavkLlg=="
    }
  }
}
